
Microsoft Visual Studio Solution File, Format Version 12.00
# Visual Studio Version 17
VisualStudioVersion = 17.4.33213.308
MinimumVisualStudioVersion = 10.0.40219.1
Project("{FAE04EC0-301F-11D3-BF4B-00C04F79EFBC}") = "TwitterPostingMusicBot", "TwitterPostingMusicBot\TwitterPostingMusicBot.csproj", "{E7B009CE-28CF-494C-832A-DA8FD4387688}"
EndProject
Global
	GlobalSection(SolutionConfigurationPlatforms) = preSolution
		Debug|Any CPU = Debug|Any CPU
		Release|Any CPU = Release|Any CPU
	EndGlobalSection
	GlobalSection(ProjectConfigurationPlatforms) = postSolution
		{E7B009CE-28CF-494C-832A-DA8FD4387688}.Debug|Any CPU.ActiveCfg = Debug|Any CPU
		{E7B009CE-28CF-494C-832A-DA8FD4387688}.Debug|Any CPU.Build.0 = Debug|Any CPU
		{E7B009CE-28CF-494C-832A-DA8FD4387688}.Release|Any CPU.ActiveCfg = Release|Any CPU
		{E7B009CE-28CF-494C-832A-DA8FD4387688}.Release|Any CPU.Build.0 = Release|Any CPU
	EndGlobalSection
	GlobalSection(SolutionProperties) = preSolution
		HideSolutionNode = FALSE
	EndGlobalSection
	GlobalSection(ExtensibilityGlobals) = postSolution
		SolutionGuid = {18786824-9A82-4A50-8C5F-AD02163F0B59}
	EndGlobalSection
EndGlobal
